
Microsoft Visual Studio Solution File, Format Version 12.00
# Visual Studio 15
VisualStudioVersion = 15.0.28307.421
MinimumVisualStudioVersion = 10.0.40219.1
Project("{FAE04EC0-301F-11D3-BF4B-00C04F79EFBC}") = "WcfService1", "WcfService1\WcfService1.csproj", "{0A5227F4-121D-497F-AF15-AE157479806F}"
EndProject
Project("{FAE04EC0-301F-11D3-BF4B-00C04F79EFBC}") = "ConsoleApp1", "ConsoleApp1\ConsoleApp1.csproj", "{A22A1FAF-27D9-482F-8EE9-C7CD0A53B4C9}"
	ProjectSection(ProjectDependencies) = postProject
		{0A5227F4-121D-497F-AF15-AE157479806F} = {0A5227F4-121D-497F-AF15-AE157479806F}
	EndProjectSection
EndProject
Global
	GlobalSection(SolutionConfigurationPlatforms) = preSolution
		Debug|Any CPU = Debug|Any CPU
		Release|Any CPU = Release|Any CPU
	EndGlobalSection
	GlobalSection(ProjectConfigurationPlatforms) = postSolution
		{0A5227F4-121D-497F-AF15-AE157479806F}.Debug|Any CPU.ActiveCfg = Debug|Any CPU
		{0A5227F4-121D-497F-AF15-AE157479806F}.Debug|Any CPU.Build.0 = Debug|Any CPU
		{0A5227F4-121D-497F-AF15-AE157479806F}.Release|Any CPU.ActiveCfg = Release|Any CPU
		{0A5227F4-121D-497F-AF15-AE157479806F}.Release|Any CPU.Build.0 = Release|Any CPU
		{A22A1FAF-27D9-482F-8EE9-C7CD0A53B4C9}.Debug|Any CPU.ActiveCfg = Debug|Any CPU
		{A22A1FAF-27D9-482F-8EE9-C7CD0A53B4C9}.Debug|Any CPU.Build.0 = Debug|Any CPU
		{A22A1FAF-27D9-482F-8EE9-C7CD0A53B4C9}.Release|Any CPU.ActiveCfg = Release|Any CPU
		{A22A1FAF-27D9-482F-8EE9-C7CD0A53B4C9}.Release|Any CPU.Build.0 = Release|Any CPU
	EndGlobalSection
	GlobalSection(SolutionProperties) = preSolution
		HideSolutionNode = FALSE
	EndGlobalSection
	GlobalSection(ExtensibilityGlobals) = postSolution
		SolutionGuid = {733B6CC5-8228-4B83-92E0-826306862818}
	EndGlobalSection
EndGlobal
