
Microsoft Visual Studio Solution File, Format Version 12.00
# Visual Studio 15
VisualStudioVersion = 15.0.28307.329
MinimumVisualStudioVersion = 10.0.40219.1
Project("{8BC9CEB8-8B4A-11D0-8D11-00A0C91BC942}") = "Question2", "Question2\Question2.vcxproj", "{E5644C36-6256-44D7-95A0-FBD385877F40}"
EndProject
Global
	GlobalSection(SolutionConfigurationPlatforms) = preSolution
		Debug|x64 = Debug|x64
		Debug|x86 = Debug|x86
		Release|x64 = Release|x64
		Release|x86 = Release|x86
	EndGlobalSection
	GlobalSection(ProjectConfigurationPlatforms) = postSolution
		{E5644C36-6256-44D7-95A0-FBD385877F40}.Debug|x64.ActiveCfg = Debug|x64
		{E5644C36-6256-44D7-95A0-FBD385877F40}.Debug|x64.Build.0 = Debug|x64
		{E5644C36-6256-44D7-95A0-FBD385877F40}.Debug|x86.ActiveCfg = Debug|Win32
		{E5644C36-6256-44D7-95A0-FBD385877F40}.Debug|x86.Build.0 = Debug|Win32
		{E5644C36-6256-44D7-95A0-FBD385877F40}.Release|x64.ActiveCfg = Release|x64
		{E5644C36-6256-44D7-95A0-FBD385877F40}.Release|x64.Build.0 = Release|x64
		{E5644C36-6256-44D7-95A0-FBD385877F40}.Release|x86.ActiveCfg = Release|Win32
		{E5644C36-6256-44D7-95A0-FBD385877F40}.Release|x86.Build.0 = Release|Win32
	EndGlobalSection
	GlobalSection(SolutionProperties) = preSolution
		HideSolutionNode = FALSE
	EndGlobalSection
	GlobalSection(ExtensibilityGlobals) = postSolution
		SolutionGuid = {A2D02C86-2B3D-400B-AD6F-C5789F9B285B}
	EndGlobalSection
EndGlobal
