
Microsoft Visual Studio Solution File, Format Version 12.00
# Visual Studio 15
VisualStudioVersion = 15.0.28307.421
MinimumVisualStudioVersion = 10.0.40219.1
Project("{8BC9CEB8-8B4A-11D0-8D11-00A0C91BC942}") = "Question7", "Question7\Question7.vcxproj", "{1259B8F6-714A-4B9C-B5DB-D54D34182D41}"
EndProject
Project("{8BC9CEB8-8B4A-11D0-8D11-00A0C91BC942}") = "Read", "Read\Read.vcxproj", "{15663665-FCF5-4AC6-8D6A-019520EA8182}"
EndProject
Global
	GlobalSection(SolutionConfigurationPlatforms) = preSolution
		Debug|x64 = Debug|x64
		Debug|x86 = Debug|x86
		Release|x64 = Release|x64
		Release|x86 = Release|x86
	EndGlobalSection
	GlobalSection(ProjectConfigurationPlatforms) = postSolution
		{1259B8F6-714A-4B9C-B5DB-D54D34182D41}.Debug|x64.ActiveCfg = Debug|x64
		{1259B8F6-714A-4B9C-B5DB-D54D34182D41}.Debug|x64.Build.0 = Debug|x64
		{1259B8F6-714A-4B9C-B5DB-D54D34182D41}.Debug|x86.ActiveCfg = Debug|Win32
		{1259B8F6-714A-4B9C-B5DB-D54D34182D41}.Debug|x86.Build.0 = Debug|Win32
		{1259B8F6-714A-4B9C-B5DB-D54D34182D41}.Release|x64.ActiveCfg = Release|x64
		{1259B8F6-714A-4B9C-B5DB-D54D34182D41}.Release|x64.Build.0 = Release|x64
		{1259B8F6-714A-4B9C-B5DB-D54D34182D41}.Release|x86.ActiveCfg = Release|Win32
		{1259B8F6-714A-4B9C-B5DB-D54D34182D41}.Release|x86.Build.0 = Release|Win32
		{15663665-FCF5-4AC6-8D6A-019520EA8182}.Debug|x64.ActiveCfg = Debug|x64
		{15663665-FCF5-4AC6-8D6A-019520EA8182}.Debug|x64.Build.0 = Debug|x64
		{15663665-FCF5-4AC6-8D6A-019520EA8182}.Debug|x86.ActiveCfg = Debug|Win32
		{15663665-FCF5-4AC6-8D6A-019520EA8182}.Debug|x86.Build.0 = Debug|Win32
		{15663665-FCF5-4AC6-8D6A-019520EA8182}.Release|x64.ActiveCfg = Release|x64
		{15663665-FCF5-4AC6-8D6A-019520EA8182}.Release|x64.Build.0 = Release|x64
		{15663665-FCF5-4AC6-8D6A-019520EA8182}.Release|x86.ActiveCfg = Release|Win32
		{15663665-FCF5-4AC6-8D6A-019520EA8182}.Release|x86.Build.0 = Release|Win32
	EndGlobalSection
	GlobalSection(SolutionProperties) = preSolution
		HideSolutionNode = FALSE
	EndGlobalSection
	GlobalSection(ExtensibilityGlobals) = postSolution
		SolutionGuid = {123D5C97-5F9A-4F0A-860F-FDB2EF37C120}
	EndGlobalSection
EndGlobal
