
Microsoft Visual Studio Solution File, Format Version 12.00
# Visual Studio 15
VisualStudioVersion = 15.0.28307.421
MinimumVisualStudioVersion = 10.0.40219.1
Project("{FAE04EC0-301F-11D3-BF4B-00C04F79EFBC}") = "ConsoleApp1", "ConsoleApp1\ConsoleApp1.csproj", "{397FAAAA-D7E9-4454-AA20-3C76D075431D}"
EndProject
Project("{FAE04EC0-301F-11D3-BF4B-00C04F79EFBC}") = "ClassLibrary1", "ClassLibrary1\ClassLibrary1.csproj", "{DCDE1B9E-9B43-4072-8087-F156A6B7D01B}"
EndProject
Project("{FAE04EC0-301F-11D3-BF4B-00C04F79EFBC}") = "ConsoleApp2", "ConsoleApp2\ConsoleApp2.csproj", "{63E07838-9E74-47B3-8CDB-FD5F4EE5CA24}"
EndProject
Project("{FAE04EC0-301F-11D3-BF4B-00C04F79EFBC}") = "ConsoleApp3", "ConsoleApp3\ConsoleApp3.csproj", "{40F0EBDA-638A-47AB-9D89-230EF5E7DD94}"
EndProject
Project("{FAE04EC0-301F-11D3-BF4B-00C04F79EFBC}") = "ConsoleApp5", "ConsoleApp5\ConsoleApp5.csproj", "{94DE9029-3323-43CE-B8D1-EE947528C5E2}"
EndProject
Project("{FAE04EC0-301F-11D3-BF4B-00C04F79EFBC}") = "ConsoleApp6", "ConsoleApp6\ConsoleApp6.csproj", "{52D9F45A-9882-46D5-9904-BD2D057045E8}"
EndProject
Project("{FAE04EC0-301F-11D3-BF4B-00C04F79EFBC}") = "WebApplication1", "WebApplication1\WebApplication1.csproj", "{280B4246-C7E6-4E7F-8CC8-B430A69D170B}"
EndProject
Project("{FAE04EC0-301F-11D3-BF4B-00C04F79EFBC}") = "WindowsService1", "WindowsService1\WindowsService1.csproj", "{91C21D95-8381-4033-BDFF-9E03A0DB9EAC}"
EndProject
Project("{FAE04EC0-301F-11D3-BF4B-00C04F79EFBC}") = "WebApplication2", "WebApplication2\WebApplication2.csproj", "{88332E0A-4E2D-4FCA-88B0-28DD9657BB5A}"
EndProject
Global
	GlobalSection(SolutionConfigurationPlatforms) = preSolution
		Debug|Any CPU = Debug|Any CPU
		Release|Any CPU = Release|Any CPU
	EndGlobalSection
	GlobalSection(ProjectConfigurationPlatforms) = postSolution
		{397FAAAA-D7E9-4454-AA20-3C76D075431D}.Debug|Any CPU.ActiveCfg = Debug|Any CPU
		{397FAAAA-D7E9-4454-AA20-3C76D075431D}.Debug|Any CPU.Build.0 = Debug|Any CPU
		{397FAAAA-D7E9-4454-AA20-3C76D075431D}.Release|Any CPU.ActiveCfg = Release|Any CPU
		{397FAAAA-D7E9-4454-AA20-3C76D075431D}.Release|Any CPU.Build.0 = Release|Any CPU
		{DCDE1B9E-9B43-4072-8087-F156A6B7D01B}.Debug|Any CPU.ActiveCfg = Debug|Any CPU
		{DCDE1B9E-9B43-4072-8087-F156A6B7D01B}.Debug|Any CPU.Build.0 = Debug|Any CPU
		{DCDE1B9E-9B43-4072-8087-F156A6B7D01B}.Release|Any CPU.ActiveCfg = Release|Any CPU
		{DCDE1B9E-9B43-4072-8087-F156A6B7D01B}.Release|Any CPU.Build.0 = Release|Any CPU
		{63E07838-9E74-47B3-8CDB-FD5F4EE5CA24}.Debug|Any CPU.ActiveCfg = Debug|Any CPU
		{63E07838-9E74-47B3-8CDB-FD5F4EE5CA24}.Debug|Any CPU.Build.0 = Debug|Any CPU
		{63E07838-9E74-47B3-8CDB-FD5F4EE5CA24}.Release|Any CPU.ActiveCfg = Release|Any CPU
		{63E07838-9E74-47B3-8CDB-FD5F4EE5CA24}.Release|Any CPU.Build.0 = Release|Any CPU
		{40F0EBDA-638A-47AB-9D89-230EF5E7DD94}.Debug|Any CPU.ActiveCfg = Debug|Any CPU
		{40F0EBDA-638A-47AB-9D89-230EF5E7DD94}.Debug|Any CPU.Build.0 = Debug|Any CPU
		{40F0EBDA-638A-47AB-9D89-230EF5E7DD94}.Release|Any CPU.ActiveCfg = Release|Any CPU
		{40F0EBDA-638A-47AB-9D89-230EF5E7DD94}.Release|Any CPU.Build.0 = Release|Any CPU
		{94DE9029-3323-43CE-B8D1-EE947528C5E2}.Debug|Any CPU.ActiveCfg = Debug|Any CPU
		{94DE9029-3323-43CE-B8D1-EE947528C5E2}.Debug|Any CPU.Build.0 = Debug|Any CPU
		{94DE9029-3323-43CE-B8D1-EE947528C5E2}.Release|Any CPU.ActiveCfg = Release|Any CPU
		{94DE9029-3323-43CE-B8D1-EE947528C5E2}.Release|Any CPU.Build.0 = Release|Any CPU
		{52D9F45A-9882-46D5-9904-BD2D057045E8}.Debug|Any CPU.ActiveCfg = Debug|Any CPU
		{52D9F45A-9882-46D5-9904-BD2D057045E8}.Debug|Any CPU.Build.0 = Debug|Any CPU
		{52D9F45A-9882-46D5-9904-BD2D057045E8}.Release|Any CPU.ActiveCfg = Release|Any CPU
		{52D9F45A-9882-46D5-9904-BD2D057045E8}.Release|Any CPU.Build.0 = Release|Any CPU
		{280B4246-C7E6-4E7F-8CC8-B430A69D170B}.Debug|Any CPU.ActiveCfg = Debug|Any CPU
		{280B4246-C7E6-4E7F-8CC8-B430A69D170B}.Debug|Any CPU.Build.0 = Debug|Any CPU
		{280B4246-C7E6-4E7F-8CC8-B430A69D170B}.Release|Any CPU.ActiveCfg = Release|Any CPU
		{280B4246-C7E6-4E7F-8CC8-B430A69D170B}.Release|Any CPU.Build.0 = Release|Any CPU
		{91C21D95-8381-4033-BDFF-9E03A0DB9EAC}.Debug|Any CPU.ActiveCfg = Debug|Any CPU
		{91C21D95-8381-4033-BDFF-9E03A0DB9EAC}.Debug|Any CPU.Build.0 = Debug|Any CPU
		{91C21D95-8381-4033-BDFF-9E03A0DB9EAC}.Release|Any CPU.ActiveCfg = Release|Any CPU
		{91C21D95-8381-4033-BDFF-9E03A0DB9EAC}.Release|Any CPU.Build.0 = Release|Any CPU
		{88332E0A-4E2D-4FCA-88B0-28DD9657BB5A}.Debug|Any CPU.ActiveCfg = Debug|Any CPU
		{88332E0A-4E2D-4FCA-88B0-28DD9657BB5A}.Debug|Any CPU.Build.0 = Debug|Any CPU
		{88332E0A-4E2D-4FCA-88B0-28DD9657BB5A}.Release|Any CPU.ActiveCfg = Release|Any CPU
		{88332E0A-4E2D-4FCA-88B0-28DD9657BB5A}.Release|Any CPU.Build.0 = Release|Any CPU
	EndGlobalSection
	GlobalSection(SolutionProperties) = preSolution
		HideSolutionNode = FALSE
	EndGlobalSection
	GlobalSection(ExtensibilityGlobals) = postSolution
		SolutionGuid = {4439B108-6AEF-41D5-8C99-CEED2D2A1539}
	EndGlobalSection
EndGlobal
