
Microsoft Visual Studio Solution File, Format Version 12.00
# Visual Studio 15
VisualStudioVersion = 15.0.28307.421
MinimumVisualStudioVersion = 10.0.40219.1
Project("{FAE04EC0-301F-11D3-BF4B-00C04F79EFBC}") = "ConsoleApp1", "ConsoleApp1\ConsoleApp1.csproj", "{888BA970-69BD-421D-B774-555CF70E21A5}"
EndProject
Global
	GlobalSection(SolutionConfigurationPlatforms) = preSolution
		Debug|Any CPU = Debug|Any CPU
		Release|Any CPU = Release|Any CPU
	EndGlobalSection
	GlobalSection(ProjectConfigurationPlatforms) = postSolution
		{888BA970-69BD-421D-B774-555CF70E21A5}.Debug|Any CPU.ActiveCfg = Debug|Any CPU
		{888BA970-69BD-421D-B774-555CF70E21A5}.Debug|Any CPU.Build.0 = Debug|Any CPU
		{888BA970-69BD-421D-B774-555CF70E21A5}.Release|Any CPU.ActiveCfg = Release|Any CPU
		{888BA970-69BD-421D-B774-555CF70E21A5}.Release|Any CPU.Build.0 = Release|Any CPU
	EndGlobalSection
	GlobalSection(SolutionProperties) = preSolution
		HideSolutionNode = FALSE
	EndGlobalSection
	GlobalSection(ExtensibilityGlobals) = postSolution
		SolutionGuid = {F7CD9459-8FB4-4577-826F-70509C9530D0}
	EndGlobalSection
EndGlobal
