
Microsoft Visual Studio Solution File, Format Version 12.00
# Visual Studio 15
VisualStudioVersion = 15.0.28307.421
MinimumVisualStudioVersion = 10.0.40219.1
Project("{8BC9CEB8-8B4A-11D0-8D11-00A0C91BC942}") = "Question10", "Question10\Question10.vcxproj", "{FF35D679-41C5-4748-9BFE-E78A22FB5347}"
EndProject
Global
	GlobalSection(SolutionConfigurationPlatforms) = preSolution
		Debug|x64 = Debug|x64
		Debug|x86 = Debug|x86
		Release|x64 = Release|x64
		Release|x86 = Release|x86
	EndGlobalSection
	GlobalSection(ProjectConfigurationPlatforms) = postSolution
		{FF35D679-41C5-4748-9BFE-E78A22FB5347}.Debug|x64.ActiveCfg = Debug|x64
		{FF35D679-41C5-4748-9BFE-E78A22FB5347}.Debug|x64.Build.0 = Debug|x64
		{FF35D679-41C5-4748-9BFE-E78A22FB5347}.Debug|x86.ActiveCfg = Debug|Win32
		{FF35D679-41C5-4748-9BFE-E78A22FB5347}.Debug|x86.Build.0 = Debug|Win32
		{FF35D679-41C5-4748-9BFE-E78A22FB5347}.Release|x64.ActiveCfg = Release|x64
		{FF35D679-41C5-4748-9BFE-E78A22FB5347}.Release|x64.Build.0 = Release|x64
		{FF35D679-41C5-4748-9BFE-E78A22FB5347}.Release|x86.ActiveCfg = Release|Win32
		{FF35D679-41C5-4748-9BFE-E78A22FB5347}.Release|x86.Build.0 = Release|Win32
	EndGlobalSection
	GlobalSection(SolutionProperties) = preSolution
		HideSolutionNode = FALSE
	EndGlobalSection
	GlobalSection(ExtensibilityGlobals) = postSolution
		SolutionGuid = {2FD8040E-CF83-43BF-91F7-69629AB5BC5C}
	EndGlobalSection
EndGlobal
